// !$*UTF8*$!
{
	archiveVersion = 1;
	classes = {
	};
	objectVersion = 50;
	objects = {

/* Begin PBXBuildFile section */
		854DF19020C95A5800F2E51C /* AppDelegate.swift in Sources */ = {isa = PBXBuildFile; fileRef = 854DF18F20C95A5800F2E51C /* AppDelegate.swift */; };
		854DF19220C95A5800F2E51C /* ViewController.swift in Sources */ = {isa = PBXBuildFile; fileRef = 854DF19120C95A5800F2E51C /* ViewController.swift */; };
		854DF19520C95A5800F2E51C /* Main.storyboard in Resources */ = {isa = PBXBuildFile; fileRef = 854DF19320C95A5800F2E51C /* Main.storyboard */; };
		854DF19720C95A5A00F2E51C /* Assets.xcassets in Resources */ = {isa = PBXBuildFile; fileRef = 854DF19620C95A5A00F2E51C /* Assets.xcassets */; };
		854DF19A20C95A5A00F2E51C /* LaunchScreen.storyboard in Resources */ = {isa = PBXBuildFile; fileRef = 854DF19820C95A5A00F2E51C /* LaunchScreen.storyboard */; };
		854DF1A220C95B5100F2E51C /* TodoTableViewCell.swift in Sources */ = {isa = PBXBuildFile; fileRef = 854DF1A120C95B5100F2E51C /* TodoTableViewCell.swift */; };
		856C964D20CA63FD006C601B /* CheckBox.swift in Sources */ = {isa = PBXBuildFile; fileRef = 856C964C20CA63FD006C601B /* CheckBox.swift */; };
		91A838C1CB71EB7345594A56 /* Pods_TodoAppApp.framework in Frameworks */ = {isa = PBXBuildFile; fileRef = 94E733224E2792A8E53E53BD /* Pods_TodoAppApp.framework */; };
/* End PBXBuildFile section */

/* Begin PBXFileReference section */
		0B8CFD4233960F65877120F4 /* Pods-TodoAppApp.release.xcconfig */ = {isa = PBXFileReference; includeInIndex = 1; lastKnownFileType = text.xcconfig; name = "Pods-TodoAppApp.release.xcconfig"; path = "Pods/Target Support Files/Pods-TodoAppApp/Pods-TodoAppApp.release.xcconfig"; sourceTree = "<group>"; };
		854DF18C20C95A5800F2E51C /* TodoAppApp.app */ = {isa = PBXFileReference; explicitFileType = wrapper.application; includeInIndex = 0; path = TodoAppApp.app; sourceTree = BUILT_PRODUCTS_DIR; };
		854DF18F20C95A5800F2E51C /* AppDelegate.swift */ = {isa = PBXFileReference; lastKnownFileType = sourcecode.swift; path = AppDelegate.swift; sourceTree = "<group>"; };
		854DF19120C95A5800F2E51C /* ViewController.swift */ = {isa = PBXFileReference; lastKnownFileType = sourcecode.swift; path = ViewController.swift; sourceTree = "<group>"; };
		854DF19420C95A5800F2E51C /* Base */ = {isa = PBXFileReference; lastKnownFileType = file.storyboard; name = Base; path = Base.lproj/Main.storyboard; sourceTree = "<group>"; };
		854DF19620C95A5A00F2E51C /* Assets.xcassets */ = {isa = PBXFileReference; lastKnownFileType = folder.assetcatalog; path = Assets.xcassets; sourceTree = "<group>"; };
		854DF19920C95A5A00F2E51C /* Base */ = {isa = PBXFileReference; lastKnownFileType = file.storyboard; name = Base; path = Base.lproj/LaunchScreen.storyboard; sourceTree = "<group>"; };
		854DF19B20C95A5A00F2E51C /* Info.plist */ = {isa = PBXFileReference; lastKnownFileType = text.plist.xml; path = Info.plist; sourceTree = "<group>"; };
		854DF1A120C95B5100F2E51C /* TodoTableViewCell.swift */ = {isa = PBXFileReference; lastKnownFileType = sourcecode.swift; path = TodoTableViewCell.swift; sourceTree = "<group>"; };
		856C964C20CA63FD006C601B /* CheckBox.swift */ = {isa = PBXFileReference; lastKnownFileType = sourcecode.swift; path = CheckBox.swift; sourceTree = "<group>"; };
		94E733224E2792A8E53E53BD /* Pods_TodoAppApp.framework */ = {isa = PBXFileReference; explicitFileType = wrapper.framework; includeInIndex = 0; path = Pods_TodoAppApp.framework; sourceTree = BUILT_PRODUCTS_DIR; };
		E586ED02A580E8FF7785D304 /* Pods-TodoAppApp.debug.xcconfig */ = {isa = PBXFileReference; includeInIndex = 1; lastKnownFileType = text.xcconfig; name = "Pods-TodoAppApp.debug.xcconfig"; path = "Pods/Target Support Files/Pods-TodoAppApp/Pods-TodoAppApp.debug.xcconfig"; sourceTree = "<group>"; };
/* End PBXFileReference section */

/* Begin PBXFrameworksBuildPhase section */
		854DF18920C95A5800F2E51C /* Frameworks */ = {
			isa = PBXFrameworksBuildPhase;
			buildActionMask = 2147483647;
			files = (
				91A838C1CB71EB7345594A56 /* Pods_TodoAppApp.framework in Frameworks */,
			);
			runOnlyForDeploymentPostprocessing = 0;
		};
/* End PBXFrameworksBuildPhase section */

/* Begin PBXGroup section */
		54D5AA4EC647CACEE88E540E /* Pods */ = {
			isa = PBXGroup;
			children = (
				E586ED02A580E8FF7785D304 /* Pods-TodoAppApp.debug.xcconfig */,
				0B8CFD4233960F65877120F4 /* Pods-TodoAppApp.release.xcconfig */,
			);
			name = Pods;
			sourceTree = "<group>";
		};
		854DF18320C95A5800F2E51C = {
			isa = PBXGroup;
			children = (
				854DF18E20C95A5800F2E51C /* TodoAppApp */,
				854DF18D20C95A5800F2E51C /* Products */,
				54D5AA4EC647CACEE88E540E /* Pods */,
				F7858936F2021965ECF7C2ED /* Frameworks */,
			);
			sourceTree = "<group>";
		};
		854DF18D20C95A5800F2E51C /* Products */ = {
			isa = PBXGroup;
			children = (
				854DF18C20C95A5800F2E51C /* TodoAppApp.app */,
			);
			name = Products;
			sourceTree = "<group>";
		};
		854DF18E20C95A5800F2E51C /* TodoAppApp */ = {
			isa = PBXGroup;
			children = (
				854DF18F20C95A5800F2E51C /* AppDelegate.swift */,
				854DF19120C95A5800F2E51C /* ViewController.swift */,
				854DF19320C95A5800F2E51C /* Main.storyboard */,
				854DF1A120C95B5100F2E51C /* TodoTableViewCell.swift */,
				854DF19620C95A5A00F2E51C /* Assets.xcassets */,
				854DF19820C95A5A00F2E51C /* LaunchScreen.storyboard */,
				854DF19B20C95A5A00F2E51C /* Info.plist */,
				856C964C20CA63FD006C601B /* CheckBox.swift */,
			);
			path = TodoAppApp;
			sourceTree = "<group>";
		};
		F7858936F2021965ECF7C2ED /* Frameworks */ = {
			isa = PBXGroup;
			children = (
				94E733224E2792A8E53E53BD /* Pods_TodoAppApp.framework */,
			);
			name = Frameworks;
			sourceTree = "<group>";
		};
/* End PBXGroup section */

/* Begin PBXNativeTarget section */
		854DF18B20C95A5800F2E51C /* TodoAppApp */ = {
			isa = PBXNativeTarget;
			buildConfigurationList = 854DF19E20C95A5A00F2E51C /* Build configuration list for PBXNativeTarget "TodoAppApp" */;
			buildPhases = (
				757453C46092B58C019EBA1F /* [CP] Check Pods Manifest.lock */,
				854DF18820C95A5800F2E51C /* Sources */,
				854DF18920C95A5800F2E51C /* Frameworks */,
				854DF18A20C95A5800F2E51C /* Resources */,
				1A6D2DE3EF2F727EFB6B8084 /* [CP] Embed Pods Frameworks */,
			);
			buildRules = (
			);
			dependencies = (
			);
			name = TodoAppApp;
			productName = TodoAppApp;
			productReference = 854DF18C20C95A5800F2E51C /* TodoAppApp.app */;
			productType = "com.apple.product-type.application";
		};
/* End PBXNativeTarget section */

/* Begin PBXProject section */
		854DF18420C95A5800F2E51C /* Project object */ = {
			isa = PBXProject;
			attributes = {
				LastSwiftUpdateCheck = 0930;
				LastUpgradeCheck = 0930;
				ORGANIZATIONNAME = Aki;
				TargetAttributes = {
					854DF18B20C95A5800F2E51C = {
						CreatedOnToolsVersion = 9.3;
					};
				};
			};
			buildConfigurationList = 854DF18720C95A5800F2E51C /* Build configuration list for PBXProject "TodoAppApp" */;
			compatibilityVersion = "Xcode 9.3";
			developmentRegion = en;
			hasScannedForEncodings = 0;
			knownRegions = (
				en,
				Base,
			);
			mainGroup = 854DF18320C95A5800F2E51C;
			productRefGroup = 854DF18D20C95A5800F2E51C /* Products */;
			projectDirPath = "";
			projectRoot = "";
			targets = (
				854DF18B20C95A5800F2E51C /* TodoAppApp */,
			);
		};
/* End PBXProject section */

/* Begin PBXResourcesBuildPhase section */
		854DF18A20C95A5800F2E51C /* Resources */ = {
			isa = PBXResourcesBuildPhase;
			buildActionMask = 2147483647;
			files = (
				854DF19A20C95A5A00F2E51C /* LaunchScreen.storyboard in Resources */,
				854DF19720C95A5A00F2E51C /* Assets.xcassets in Resources */,
				854DF19520C95A5800F2E51C /* Main.storyboard in Resources */,
			);
			runOnlyForDeploymentPostprocessing = 0;
		};
/* End PBXResourcesBuildPhase section */

/* Begin PBXShellScriptBuildPhase section */
		1A6D2DE3EF2F727EFB6B8084 /* [CP] Embed Pods Frameworks */ = {
			isa = PBXShellScriptBuildPhase;
			buildActionMask = 2147483647;
			files = (
			);
			inputPaths = (
				"${SRCROOT}/Pods/Target Support Files/Pods-TodoAppApp/Pods-TodoAppApp-frameworks.sh",
				"${BUILT_PRODUCTS_DIR}/SlideMenuControllerSwift/SlideMenuControllerSwift.framework",
			);
			name = "[CP] Embed Pods Frameworks";
			outputPaths = (
				"${TARGET_BUILD_DIR}/${FRAMEWORKS_FOLDER_PATH}/SlideMenuControllerSwift.framework",
			);
			runOnlyForDeploymentPostprocessing = 0;
			shellPath = /bin/sh;
			shellScript = "\"${SRCROOT}/Pods/Target Support Files/Pods-TodoAppApp/Pods-TodoAppApp-frameworks.sh\"\n";
			showEnvVarsInLog = 0;
		};
		757453C46092B58C019EBA1F /* [CP] Check Pods Manifest.lock */ = {
			isa = PBXShellScriptBuildPhase;
			buildActionMask = 2147483647;
			files = (
			);
			inputPaths = (
				"${PODS_PODFILE_DIR_PATH}/Podfile.lock",
				"${PODS_ROOT}/Manifest.lock",
			);
			name = "[CP] Check Pods Manifest.lock";
			outputPaths = (
				"$(DERIVED_FILE_DIR)/Pods-TodoAppApp-checkManifestLockResult.txt",
			);
			runOnlyForDeploymentPostprocessing = 0;
			shellPath = /bin/sh;
			shellScript = "diff \"${PODS_PODFILE_DIR_PATH}/Podfile.lock\" \"${PODS_ROOT}/Manifest.lock\" > /dev/null\nif [ $? != 0 ] ; then\n    # print error to STDERR\n    echo \"error: The sandbox is not in sync with the Podfile.lock. Run 'pod install' or update your CocoaPods installation.\" >&2\n    exit 1\nfi\n# This output is used by Xcode 'outputs' to avoid re-running this script phase.\necho \"SUCCESS\" > \"${SCRIPT_OUTPUT_FILE_0}\"\n";
			showEnvVarsInLog = 0;
		};
/* End PBXShellScriptBuildPhase section */

/* Begin PBXSourcesBuildPhase section */
		854DF18820C95A5800F2E51C /* Sources */ = {
			isa = PBXSourcesBuildPhase;
			buildActionMask = 2147483647;
			files = (
				856C964D20CA63FD006C601B /* CheckBox.swift in Sources */,
				854DF1A220C95B5100F2E51C /* TodoTableViewCell.swift in Sources */,
				854DF19220C95A5800F2E51C /* ViewController.swift in Sources */,
				854DF19020C95A5800F2E51C /* AppDelegate.swift in Sources */,
			);
			runOnlyForDeploymentPostprocessing = 0;
		};
/* End PBXSourcesBuildPhase section */

/* Begin PBXVariantGroup section */
		854DF19320C95A5800F2E51C /* Main.storyboard */ = {
			isa = PBXVariantGroup;
			children = (
				854DF19420C95A5800F2E51C /* Base */,
			);
			name = Main.storyboard;
			sourceTree = "<group>";
		};
		854DF19820C95A5A00F2E51C /* LaunchScreen.storyboard */ = {
			isa = PBXVariantGroup;
			children = (
				854DF19920C95A5A00F2E51C /* Base */,
			);
			name = LaunchScreen.storyboard;
			sourceTree = "<group>";
		};
/* End PBXVariantGroup section */

/* Begin XCBuildConfiguration section */
		854DF19C20C95A5A00F2E51C /* Debug */ = {
			isa = XCBuildConfiguration;
			buildSettings = {
				ALWAYS_SEARCH_USER_PATHS = NO;
				CLANG_ANALYZER_NONNULL = YES;
				CLANG_ANALYZER_NUMBER_OBJECT_CONVERSION = YES_AGGRESSIVE;
				CLANG_CXX_LANGUAGE_STANDARD = "gnu++14";
				CLANG_CXX_LIBRARY = "libc++";
				CLANG_ENABLE_MODULES = YES;
				CLANG_ENABLE_OBJC_ARC = YES;
				CLANG_ENABLE_OBJC_WEAK = YES;
				CLANG_WARN_BLOCK_CAPTURE_AUTORELEASING = YES;
				CLANG_WARN_BOOL_CONVERSION = YES;
				CLANG_WARN_COMMA = YES;
				CLANG_WARN_CONSTANT_CONVERSION = YES;
				CLANG_WARN_DEPRECATED_OBJC_IMPLEMENTATIONS = YES;
				CLANG_WARN_DIRECT_OBJC_ISA_USAGE = YES_ERROR;
				CLANG_WARN_DOCUMENTATION_COMMENTS = YES;
				CLANG_WARN_EMPTY_BODY = YES;
				CLANG_WARN_ENUM_CONVERSION = YES;
				CLANG_WARN_INFINITE_RECURSION = YES;
				CLANG_WARN_INT_CONVERSION = YES;
				CLANG_WARN_NON_LITERAL_NULL_CONVERSION = YES;
				CLANG_WARN_OBJC_IMPLICIT_RETAIN_SELF = YES;
				CLANG_WARN_OBJC_LITERAL_CONVERSION = YES;
				CLANG_WARN_OBJC_ROOT_CLASS = YES_ERROR;
				CLANG_WARN_RANGE_LOOP_ANALYSIS = YES;
				CLANG_WARN_STRICT_PROTOTYPES = YES;
				CLANG_WARN_SUSPICIOUS_MOVE = YES;
				CLANG_WARN_UNGUARDED_AVAILABILITY = YES_AGGRESSIVE;
				CLANG_WARN_UNREACHABLE_CODE = YES;
				CLANG_WARN__DUPLICATE_METHOD_MATCH = YES;
				CODE_SIGN_IDENTITY = "iPhone Developer";
				COPY_PHASE_STRIP = NO;
				DEBUG_INFORMATION_FORMAT = dwarf;
				ENABLE_STRICT_OBJC_MSGSEND = YES;
				ENABLE_TESTABILITY = YES;
				GCC_C_LANGUAGE_STANDARD = gnu11;
				GCC_DYNAMIC_NO_PIC = NO;
				GCC_NO_COMMON_BLOCKS = YES;
				GCC_OPTIMIZATION_LEVEL = 0;
				GCC_PREPROCESSOR_DEFINITIONS = (
					"DEBUG=1",
					"$(inherited)",
				);
				GCC_WARN_64_TO_32_BIT_CONVERSION = YES;
				GCC_WARN_ABOUT_RETURN_TYPE = YES_ERROR;
				GCC_WARN_UNDECLARED_SELECTOR = YES;
				GCC_WARN_UNINITIALIZED_AUTOS = YES_AGGRESSIVE;
				GCC_WARN_UNUSED_FUNCTION = YES;
				GCC_WARN_UNUSED_VARIABLE = YES;
				IPHONEOS_DEPLOYMENT_TARGET = 11.3;
				MTL_ENABLE_DEBUG_INFO = YES;
				ONLY_ACTIVE_ARCH = YES;
				SDKROOT = iphoneos;
				SWIFT_ACTIVE_COMPILATION_CONDITIONS = DEBUG;
				SWIFT_OPTIMIZATION_LEVEL = "-Onone";
			};
			name = Debug;
		};
		854DF19D20C95A5A00F2E51C /* Release */ = {
			isa = XCBuildConfiguration;
			buildSettings = {
				ALWAYS_SEARCH_USER_PATHS = NO;
				CLANG_ANALYZER_NONNULL = YES;
				CLANG_ANALYZER_NUMBER_OBJECT_CONVERSION = YES_AGGRESSIVE;
				CLANG_CXX_LANGUAGE_STANDARD = "gnu++14";
				CLANG_CXX_LIBRARY = "libc++";
				CLANG_ENABLE_MODULES = YES;
				CLANG_ENABLE_OBJC_ARC = YES;
				CLANG_ENABLE_OBJC_WEAK = YES;
				CLANG_WARN_BLOCK_CAPTURE_AUTORELEASING = YES;
				CLANG_WARN_BOOL_CONVERSION = YES;
				CLANG_WARN_COMMA = YES;
				CLANG_WARN_CONSTANT_CONVERSION = YES;
				CLANG_WARN_DEPRECATED_OBJC_IMPLEMENTATIONS = YES;
				CLANG_WARN_DIRECT_OBJC_ISA_USAGE = YES_ERROR;
				CLANG_WARN_DOCUMENTATION_COMMENTS = YES;
				CLANG_WARN_EMPTY_BODY = YES;
				CLANG_WARN_ENUM_CONVERSION = YES;
				CLANG_WARN_INFINITE_RECURSION = YES;
				CLANG_WARN_INT_CONVERSION = YES;
				CLANG_WARN_NON_LITERAL_NULL_CONVERSION = YES;
				CLANG_WARN_OBJC_IMPLICIT_RETAIN_SELF = YES;
				CLANG_WARN_OBJC_LITERAL_CONVERSION = YES;
				CLANG_WARN_OBJC_ROOT_CLASS = YES_ERROR;
				CLANG_WARN_RANGE_LOOP_ANALYSIS = YES;
				CLANG_WARN_STRICT_PROTOTYPES = YES;
				CLANG_WARN_SUSPICIOUS_MOVE = YES;
				CLANG_WARN_UNGUARDED_AVAILABILITY = YES_AGGRESSIVE;
				CLANG_WARN_UNREACHABLE_CODE = YES;
				CLANG_WARN__DUPLICATE_METHOD_MATCH = YES;
				CODE_SIGN_IDENTITY = "iPhone Developer";
				COPY_PHASE_STRIP = NO;
				DEBUG_INFORMATION_FORMAT = "dwarf-with-dsym";
				ENABLE_NS_ASSERTIONS = NO;
				ENABLE_STRICT_OBJC_MSGSEND = YES;
				GCC_C_LANGUAGE_STANDARD = gnu11;
				GCC_NO_COMMON_BLOCKS = YES;
				GCC_WARN_64_TO_32_BIT_CONVERSION = YES;
				GCC_WARN_ABOUT_RETURN_TYPE = YES_ERROR;
				GCC_WARN_UNDECLARED_SELECTOR = YES;
				GCC_WARN_UNINITIALIZED_AUTOS = YES_AGGRESSIVE;
				GCC_WARN_UNUSED_FUNCTION = YES;
				GCC_WARN_UNUSED_VARIABLE = YES;
				IPHONEOS_DEPLOYMENT_TARGET = 11.3;
				MTL_ENABLE_DEBUG_INFO = NO;
				SDKROOT = iphoneos;
				SWIFT_COMPILATION_MODE = wholemodule;
				SWIFT_OPTIMIZATION_LEVEL = "-O";
				VALIDATE_PRODUCT = YES;
			};
			name = Release;
		};
		854DF19F20C95A5A00F2E51C /* Debug */ = {
			isa = XCBuildConfiguration;
			baseConfigurationReference = E586ED02A580E8FF7785D304 /* Pods-TodoAppApp.debug.xcconfig */;
			buildSettings = {
				ASSETCATALOG_COMPILER_APPICON_NAME = AppIcon;
				CODE_SIGN_STYLE = Automatic;
				DEVELOPMENT_TEAM = UK2TB86BYG;
				INFOPLIST_FILE = TodoAppApp/Info.plist;
				LD_RUNPATH_SEARCH_PATHS = (
					"$(inherited)",
					"@executable_path/Frameworks",
				);
				PRODUCT_BUNDLE_IDENTIFIER = tester.TodoAppApp;
				PRODUCT_NAME = "$(TARGET_NAME)";
				SWIFT_VERSION = 4.0;
				TARGETED_DEVICE_FAMILY = 1;
			};
			name = Debug;
		};
		854DF1A020C95A5A00F2E51C /* Release */ = {
			isa = XCBuildConfiguration;
			baseConfigurationReference = 0B8CFD4233960F65877120F4 /* Pods-TodoAppApp.release.xcconfig */;
			buildSettings = {
				ASSETCATALOG_COMPILER_APPICON_NAME = AppIcon;
				CODE_SIGN_STYLE = Automatic;
				DEVELOPMENT_TEAM = UK2TB86BYG;
				INFOPLIST_FILE = TodoAppApp/Info.plist;
				LD_RUNPATH_SEARCH_PATHS = (
					"$(inherited)",
					"@executable_path/Frameworks",
				);
				PRODUCT_BUNDLE_IDENTIFIER = tester.TodoAppApp;
				PRODUCT_NAME = "$(TARGET_NAME)";
				SWIFT_VERSION = 4.0;
				TARGETED_DEVICE_FAMILY = 1;
			};
			name = Release;
		};
/* End XCBuildConfiguration section */

/* Begin XCConfigurationList section */
		854DF18720C95A5800F2E51C /* Build configuration list for PBXProject "TodoAppApp" */ = {
			isa = XCConfigurationList;
			buildConfigurations = (
				854DF19C20C95A5A00F2E51C /* Debug */,
				854DF19D20C95A5A00F2E51C /* Release */,
			);
			defaultConfigurationIsVisible = 0;
			defaultConfigurationName = Release;
		};
		854DF19E20C95A5A00F2E51C /* Build configuration list for PBXNativeTarget "TodoAppApp" */ = {
			isa = XCConfigurationList;
			buildConfigurations = (
				854DF19F20C95A5A00F2E51C /* Debug */,
				854DF1A020C95A5A00F2E51C /* Release */,
			);
			defaultConfigurationIsVisible = 0;
			defaultConfigurationName = Release;
		};
/* End XCConfigurationList section */
	};
	rootObject = 854DF18420C95A5800F2E51C /* Project object */;
}
